{
  "name": "maestro-ajedrez",
  "version": "1.0.0",
  "lockfileVersion": 3,
  "requires": true,
  "packages": {
    "": {
      "name": "maestro-ajedrez",
      "version": "1.0.0",
      "devDependencies": {
        "stockfish": "^19.0.0"
      }
    },
    "node_modules/stockfish": {
      "version": "19.0.0",
      "resolved": "https://registry.npmjs.org/stockfish/-/stockfish-19.0.0.tgz",
      "integrity": "sha512-jDyYLbqNpboQcMs5HodTHI2CrKL74zkQWb1+sgoNXw5HI6avTblW4G0X7afFt3BBOc6VbTSkOV64EUxm/DWSpg==",
      "dev": true,
      "hasInstallScript": true,
      "license": "GPL-3.0",
      "bin": {
        "stockfish": "scripts/cli.js"
      }
    }
  }
}
